
Microsoft Visual Studio Solution File, Format Version 12.00
# Visual Studio Version 17
VisualStudioVersion = 17.3.32901.215
MinimumVisualStudioVersion = 10.0.40219.1
Project("{9A19103F-16F7-4668-BE54-9A1E7A4F7556}") = "CSharpAlgorithms", "LearnDSAlgorithm\CSharpAlgorithms.csproj", "{CE765C09-6C15-4745-866F-D2B5A6F325DD}"
EndProject
Global
	GlobalSection(SolutionConfigurationPlatforms) = preSolution
		Debug|Any CPU = Debug|Any CPU
		Release|Any CPU = Release|Any CPU
	EndGlobalSection
	GlobalSection(ProjectConfigurationPlatforms) = postSolution
		{CE765C09-6C15-4745-866F-D2B5A6F325DD}.Debug|Any CPU.ActiveCfg = Debug|Any CPU
		{CE765C09-6C15-4745-866F-D2B5A6F325DD}.Debug|Any CPU.Build.0 = Debug|Any CPU
		{CE765C09-6C15-4745-866F-D2B5A6F325DD}.Release|Any CPU.ActiveCfg = Release|Any CPU
		{CE765C09-6C15-4745-866F-D2B5A6F325DD}.Release|Any CPU.Build.0 = Release|Any CPU
	EndGlobalSection
	GlobalSection(SolutionProperties) = preSolution
		HideSolutionNode = FALSE
	EndGlobalSection
	GlobalSection(ExtensibilityGlobals) = postSolution
		SolutionGuid = {D334C553-5813-4161-A71F-D205A7655C05}
	EndGlobalSection
EndGlobal
